
Microsoft Visual Studio Solution File, Format Version 12.00
# Visual Studio Version 17
VisualStudioVersion = 17.3.32819.101
MinimumVisualStudioVersion = 10.0.40219.1
Project("{9A19103F-16F7-4668-BE54-9A1E7A4F7556}") = "SportniDanV2", "SportniDanV2\SportniDanV2.csproj", "{C6500774-78F9-4181-8F99-D1C8B1781405}"
EndProject
Global
	GlobalSection(SolutionConfigurationPlatforms) = preSolution
		Debug|Any CPU = Debug|Any CPU
		Release|Any CPU = Release|Any CPU
	EndGlobalSection
	GlobalSection(ProjectConfigurationPlatforms) = postSolution
		{C6500774-78F9-4181-8F99-D1C8B1781405}.Debug|Any CPU.ActiveCfg = Debug|Any CPU
		{C6500774-78F9-4181-8F99-D1C8B1781405}.Debug|Any CPU.Build.0 = Debug|Any CPU
		{C6500774-78F9-4181-8F99-D1C8B1781405}.Release|Any CPU.ActiveCfg = Release|Any CPU
		{C6500774-78F9-4181-8F99-D1C8B1781405}.Release|Any CPU.Build.0 = Release|Any CPU
	EndGlobalSection
	GlobalSection(SolutionProperties) = preSolution
		HideSolutionNode = FALSE
	EndGlobalSection
	GlobalSection(ExtensibilityGlobals) = postSolution
		SolutionGuid = {E05DA332-8DDE-45F7-88EA-0EE9A08BFDF8}
	EndGlobalSection
EndGlobal
